// !$*UTF8*$!
{
	archiveVersion = 1;
	classes = {
	};
	objectVersion = 50;
	objects = {

/* Begin PBXBuildFile section */
		AE058BC924B560D300E4A7B3 /* Singer+CoreDataClass.swift in Sources */ = {isa = PBXBuildFile; fileRef = AE058BC724B560D300E4A7B3 /* Singer+CoreDataClass.swift */; };
		AE058BCA24B560D300E4A7B3 /* Singer+CoreDataProperties.swift in Sources */ = {isa = PBXBuildFile; fileRef = AE058BC824B560D300E4A7B3 /* Singer+CoreDataProperties.swift */; };
		AE058BCC24B5621800E4A7B3 /* FilteredList.swift in Sources */ = {isa = PBXBuildFile; fileRef = AE058BCB24B5621800E4A7B3 /* FilteredList.swift */; };
		AE058BCF24B5653800E4A7B3 /* Country+CoreDataClass.swift in Sources */ = {isa = PBXBuildFile; fileRef = AE058BCD24B5653800E4A7B3 /* Country+CoreDataClass.swift */; };
		AE058BD024B5653800E4A7B3 /* Country+CoreDataProperties.swift in Sources */ = {isa = PBXBuildFile; fileRef = AE058BCE24B5653800E4A7B3 /* Country+CoreDataProperties.swift */; };
		AE058BD724B5680700E4A7B3 /* Candy+CoreDataClass.swift in Sources */ = {isa = PBXBuildFile; fileRef = AE058BD524B5680700E4A7B3 /* Candy+CoreDataClass.swift */; };
		AE058BD824B5680700E4A7B3 /* Candy+CoreDataProperties.swift in Sources */ = {isa = PBXBuildFile; fileRef = AE058BD624B5680700E4A7B3 /* Candy+CoreDataProperties.swift */; };
		AE9FFF6524B4933B006DE035 /* AppDelegate.swift in Sources */ = {isa = PBXBuildFile; fileRef = AE9FFF6424B4933B006DE035 /* AppDelegate.swift */; };
		AE9FFF6724B4933B006DE035 /* SceneDelegate.swift in Sources */ = {isa = PBXBuildFile; fileRef = AE9FFF6624B4933B006DE035 /* SceneDelegate.swift */; };
		AE9FFF6C24B4933B006DE035 /* ContentView.swift in Sources */ = {isa = PBXBuildFile; fileRef = AE9FFF6B24B4933B006DE035 /* ContentView.swift */; };
		AE9FFF6E24B4933D006DE035 /* Assets.xcassets in Resources */ = {isa = PBXBuildFile; fileRef = AE9FFF6D24B4933D006DE035 /* Assets.xcassets */; };
		AE9FFF7124B4933D006DE035 /* Preview Assets.xcassets in Resources */ = {isa = PBXBuildFile; fileRef = AE9FFF7024B4933D006DE035 /* Preview Assets.xcassets */; };
		AE9FFF7424B4933D006DE035 /* LaunchScreen.storyboard in Resources */ = {isa = PBXBuildFile; fileRef = AE9FFF7224B4933D006DE035 /* LaunchScreen.storyboard */; };
		AE9FFF7D24B496A3006DE035 /* Movie+CoreDataClass.swift in Sources */ = {isa = PBXBuildFile; fileRef = AE9FFF7B24B496A3006DE035 /* Movie+CoreDataClass.swift */; };
		AE9FFF7E24B496A3006DE035 /* Movie+CoreDataProperties.swift in Sources */ = {isa = PBXBuildFile; fileRef = AE9FFF7C24B496A3006DE035 /* Movie+CoreDataProperties.swift */; };
		AE9FFF8124B49C0B006DE035 /* CoreDataProject.xcdatamodeld in Sources */ = {isa = PBXBuildFile; fileRef = AE9FFF7F24B49C0B006DE035 /* CoreDataProject.xcdatamodeld */; };
/* End PBXBuildFile section */

/* Begin PBXFileReference section */
		AE058BC724B560D300E4A7B3 /* Singer+CoreDataClass.swift */ = {isa = PBXFileReference; lastKnownFileType = sourcecode.swift; path = "Singer+CoreDataClass.swift"; sourceTree = "<group>"; };
		AE058BC824B560D300E4A7B3 /* Singer+CoreDataProperties.swift */ = {isa = PBXFileReference; lastKnownFileType = sourcecode.swift; path = "Singer+CoreDataProperties.swift"; sourceTree = "<group>"; };
		AE058BCB24B5621800E4A7B3 /* FilteredList.swift */ = {isa = PBXFileReference; lastKnownFileType = sourcecode.swift; path = FilteredList.swift; sourceTree = "<group>"; };
		AE058BCD24B5653800E4A7B3 /* Country+CoreDataClass.swift */ = {isa = PBXFileReference; lastKnownFileType = sourcecode.swift; path = "Country+CoreDataClass.swift"; sourceTree = "<group>"; };
		AE058BCE24B5653800E4A7B3 /* Country+CoreDataProperties.swift */ = {isa = PBXFileReference; lastKnownFileType = sourcecode.swift; path = "Country+CoreDataProperties.swift"; sourceTree = "<group>"; };
		AE058BD524B5680700E4A7B3 /* Candy+CoreDataClass.swift */ = {isa = PBXFileReference; lastKnownFileType = sourcecode.swift; path = "Candy+CoreDataClass.swift"; sourceTree = "<group>"; };
		AE058BD624B5680700E4A7B3 /* Candy+CoreDataProperties.swift */ = {isa = PBXFileReference; lastKnownFileType = sourcecode.swift; path = "Candy+CoreDataProperties.swift"; sourceTree = "<group>"; };
		AE9FFF6124B4933B006DE035 /* CoreDataProject.app */ = {isa = PBXFileReference; explicitFileType = wrapper.application; includeInIndex = 0; path = CoreDataProject.app; sourceTree = BUILT_PRODUCTS_DIR; };
		AE9FFF6424B4933B006DE035 /* AppDelegate.swift */ = {isa = PBXFileReference; lastKnownFileType = sourcecode.swift; path = AppDelegate.swift; sourceTree = "<group>"; };
		AE9FFF6624B4933B006DE035 /* SceneDelegate.swift */ = {isa = PBXFileReference; lastKnownFileType = sourcecode.swift; path = SceneDelegate.swift; sourceTree = "<group>"; };
		AE9FFF6B24B4933B006DE035 /* ContentView.swift */ = {isa = PBXFileReference; lastKnownFileType = sourcecode.swift; path = ContentView.swift; sourceTree = "<group>"; };
		AE9FFF6D24B4933D006DE035 /* Assets.xcassets */ = {isa = PBXFileReference; lastKnownFileType = folder.assetcatalog; path = Assets.xcassets; sourceTree = "<group>"; };
		AE9FFF7024B4933D006DE035 /* Preview Assets.xcassets */ = {isa = PBXFileReference; lastKnownFileType = folder.assetcatalog; path = "Preview Assets.xcassets"; sourceTree = "<group>"; };
		AE9FFF7324B4933D006DE035 /* Base */ = {isa = PBXFileReference; lastKnownFileType = file.storyboard; name = Base; path = Base.lproj/LaunchScreen.storyboard; sourceTree = "<group>"; };
		AE9FFF7524B4933D006DE035 /* Info.plist */ = {isa = PBXFileReference; lastKnownFileType = text.plist.xml; path = Info.plist; sourceTree = "<group>"; };
		AE9FFF7B24B496A3006DE035 /* Movie+CoreDataClass.swift */ = {isa = PBXFileReference; lastKnownFileType = sourcecode.swift; path = "Movie+CoreDataClass.swift"; sourceTree = "<group>"; };
		AE9FFF7C24B496A3006DE035 /* Movie+CoreDataProperties.swift */ = {isa = PBXFileReference; lastKnownFileType = sourcecode.swift; path = "Movie+CoreDataProperties.swift"; sourceTree = "<group>"; };
		AE9FFF8024B49C0B006DE035 /* CoreDataProject.xcdatamodel */ = {isa = PBXFileReference; lastKnownFileType = wrapper.xcdatamodel; path = CoreDataProject.xcdatamodel; sourceTree = "<group>"; };
/* End PBXFileReference section */

/* Begin PBXFrameworksBuildPhase section */
		AE9FFF5E24B4933B006DE035 /* Frameworks */ = {
			isa = PBXFrameworksBuildPhase;
			buildActionMask = 2147483647;
			files = (
			);
			runOnlyForDeploymentPostprocessing = 0;
		};
/* End PBXFrameworksBuildPhase section */

/* Begin PBXGroup section */
		AE9FFF5824B4933B006DE035 = {
			isa = PBXGroup;
			children = (
				AE9FFF6324B4933B006DE035 /* CoreDataProject */,
				AE9FFF6224B4933B006DE035 /* Products */,
			);
			sourceTree = "<group>";
		};
		AE9FFF6224B4933B006DE035 /* Products */ = {
			isa = PBXGroup;
			children = (
				AE9FFF6124B4933B006DE035 /* CoreDataProject.app */,
			);
			name = Products;
			sourceTree = "<group>";
		};
		AE9FFF6324B4933B006DE035 /* CoreDataProject */ = {
			isa = PBXGroup;
			children = (
				AE058BD524B5680700E4A7B3 /* Candy+CoreDataClass.swift */,
				AE058BD624B5680700E4A7B3 /* Candy+CoreDataProperties.swift */,
				AE058BCD24B5653800E4A7B3 /* Country+CoreDataClass.swift */,
				AE058BCE24B5653800E4A7B3 /* Country+CoreDataProperties.swift */,
				AE058BC724B560D300E4A7B3 /* Singer+CoreDataClass.swift */,
				AE058BC824B560D300E4A7B3 /* Singer+CoreDataProperties.swift */,
				AE9FFF7B24B496A3006DE035 /* Movie+CoreDataClass.swift */,
				AE9FFF7C24B496A3006DE035 /* Movie+CoreDataProperties.swift */,
				AE9FFF6424B4933B006DE035 /* AppDelegate.swift */,
				AE9FFF6624B4933B006DE035 /* SceneDelegate.swift */,
				AE9FFF6B24B4933B006DE035 /* ContentView.swift */,
				AE058BCB24B5621800E4A7B3 /* FilteredList.swift */,
				AE9FFF7F24B49C0B006DE035 /* CoreDataProject.xcdatamodeld */,
				AE9FFF6D24B4933D006DE035 /* Assets.xcassets */,
				AE9FFF7224B4933D006DE035 /* LaunchScreen.storyboard */,
				AE9FFF7524B4933D006DE035 /* Info.plist */,
				AE9FFF6F24B4933D006DE035 /* Preview Content */,
			);
			path = CoreDataProject;
			sourceTree = "<group>";
		};
		AE9FFF6F24B4933D006DE035 /* Preview Content */ = {
			isa = PBXGroup;
			children = (
				AE9FFF7024B4933D006DE035 /* Preview Assets.xcassets */,
			);
			path = "Preview Content";
			sourceTree = "<group>";
		};
/* End PBXGroup section */

/* Begin PBXNativeTarget section */
		AE9FFF6024B4933B006DE035 /* CoreDataProject */ = {
			isa = PBXNativeTarget;
			buildConfigurationList = AE9FFF7824B4933D006DE035 /* Build configuration list for PBXNativeTarget "CoreDataProject" */;
			buildPhases = (
				AE9FFF5D24B4933B006DE035 /* Sources */,
				AE9FFF5E24B4933B006DE035 /* Frameworks */,
				AE9FFF5F24B4933B006DE035 /* Resources */,
			);
			buildRules = (
			);
			dependencies = (
			);
			name = CoreDataProject;
			productName = CoreDataProject;
			productReference = AE9FFF6124B4933B006DE035 /* CoreDataProject.app */;
			productType = "com.apple.product-type.application";
		};
/* End PBXNativeTarget section */

/* Begin PBXProject section */
		AE9FFF5924B4933B006DE035 /* Project object */ = {
			isa = PBXProject;
			attributes = {
				LastSwiftUpdateCheck = 1140;
				LastUpgradeCheck = 1140;
				ORGANIZATIONNAME = kazu;
				TargetAttributes = {
					AE9FFF6024B4933B006DE035 = {
						CreatedOnToolsVersion = 11.4;
					};
				};
			};
			buildConfigurationList = AE9FFF5C24B4933B006DE035 /* Build configuration list for PBXProject "CoreDataProject" */;
			compatibilityVersion = "Xcode 9.3";
			developmentRegion = en;
			hasScannedForEncodings = 0;
			knownRegions = (
				en,
				Base,
			);
			mainGroup = AE9FFF5824B4933B006DE035;
			productRefGroup = AE9FFF6224B4933B006DE035 /* Products */;
			projectDirPath = "";
			projectRoot = "";
			targets = (
				AE9FFF6024B4933B006DE035 /* CoreDataProject */,
			);
		};
/* End PBXProject section */

/* Begin PBXResourcesBuildPhase section */
		AE9FFF5F24B4933B006DE035 /* Resources */ = {
			isa = PBXResourcesBuildPhase;
			buildActionMask = 2147483647;
			files = (
				AE9FFF7424B4933D006DE035 /* LaunchScreen.storyboard in Resources */,
				AE9FFF7124B4933D006DE035 /* Preview Assets.xcassets in Resources */,
				AE9FFF6E24B4933D006DE035 /* Assets.xcassets in Resources */,
			);
			runOnlyForDeploymentPostprocessing = 0;
		};
/* End PBXResourcesBuildPhase section */

/* Begin PBXSourcesBuildPhase section */
		AE9FFF5D24B4933B006DE035 /* Sources */ = {
			isa = PBXSourcesBuildPhase;
			buildActionMask = 2147483647;
			files = (
				AE058BC924B560D300E4A7B3 /* Singer+CoreDataClass.swift in Sources */,
				AE9FFF6524B4933B006DE035 /* AppDelegate.swift in Sources */,
				AE058BCC24B5621800E4A7B3 /* FilteredList.swift in Sources */,
				AE9FFF6724B4933B006DE035 /* SceneDelegate.swift in Sources */,
				AE9FFF8124B49C0B006DE035 /* CoreDataProject.xcdatamodeld in Sources */,
				AE058BD824B5680700E4A7B3 /* Candy+CoreDataProperties.swift in Sources */,
				AE9FFF6C24B4933B006DE035 /* ContentView.swift in Sources */,
				AE058BD024B5653800E4A7B3 /* Country+CoreDataProperties.swift in Sources */,
				AE058BCA24B560D300E4A7B3 /* Singer+CoreDataProperties.swift in Sources */,
				AE9FFF7D24B496A3006DE035 /* Movie+CoreDataClass.swift in Sources */,
				AE058BCF24B5653800E4A7B3 /* Country+CoreDataClass.swift in Sources */,
				AE9FFF7E24B496A3006DE035 /* Movie+CoreDataProperties.swift in Sources */,
				AE058BD724B5680700E4A7B3 /* Candy+CoreDataClass.swift in Sources */,
			);
			runOnlyForDeploymentPostprocessing = 0;
		};
/* End PBXSourcesBuildPhase section */

/* Begin PBXVariantGroup section */
		AE9FFF7224B4933D006DE035 /* LaunchScreen.storyboard */ = {
			isa = PBXVariantGroup;
			children = (
				AE9FFF7324B4933D006DE035 /* Base */,
			);
			name = LaunchScreen.storyboard;
			sourceTree = "<group>";
		};
/* End PBXVariantGroup section */

/* Begin XCBuildConfiguration section */
		AE9FFF7624B4933D006DE035 /* Debug */ = {
			isa = XCBuildConfiguration;
			buildSettings = {
				ALWAYS_SEARCH_USER_PATHS = NO;
				CLANG_ANALYZER_NONNULL = YES;
				CLANG_ANALYZER_NUMBER_OBJECT_CONVERSION = YES_AGGRESSIVE;
				CLANG_CXX_LANGUAGE_STANDARD = "gnu++14";
				CLANG_CXX_LIBRARY = "libc++";
				CLANG_ENABLE_MODULES = YES;
				CLANG_ENABLE_OBJC_ARC = YES;
				CLANG_ENABLE_OBJC_WEAK = YES;
				CLANG_WARN_BLOCK_CAPTURE_AUTORELEASING = YES;
				CLANG_WARN_BOOL_CONVERSION = YES;
				CLANG_WARN_COMMA = YES;
				CLANG_WARN_CONSTANT_CONVERSION = YES;
				CLANG_WARN_DEPRECATED_OBJC_IMPLEMENTATIONS = YES;
				CLANG_WARN_DIRECT_OBJC_ISA_USAGE = YES_ERROR;
				CLANG_WARN_DOCUMENTATION_COMMENTS = YES;
				CLANG_WARN_EMPTY_BODY = YES;
				CLANG_WARN_ENUM_CONVERSION = YES;
				CLANG_WARN_INFINITE_RECURSION = YES;
				CLANG_WARN_INT_CONVERSION = YES;
				CLANG_WARN_NON_LITERAL_NULL_CONVERSION = YES;
				CLANG_WARN_OBJC_IMPLICIT_RETAIN_SELF = YES;
				CLANG_WARN_OBJC_LITERAL_CONVERSION = YES;
				CLANG_WARN_OBJC_ROOT_CLASS = YES_ERROR;
				CLANG_WARN_RANGE_LOOP_ANALYSIS = YES;
				CLANG_WARN_STRICT_PROTOTYPES = YES;
				CLANG_WARN_SUSPICIOUS_MOVE = YES;
				CLANG_WARN_UNGUARDED_AVAILABILITY = YES_AGGRESSIVE;
				CLANG_WARN_UNREACHABLE_CODE = YES;
				CLANG_WARN__DUPLICATE_METHOD_MATCH = YES;
				COPY_PHASE_STRIP = NO;
				DEBUG_INFORMATION_FORMAT = dwarf;
				ENABLE_STRICT_OBJC_MSGSEND = YES;
				ENABLE_TESTABILITY = YES;
				GCC_C_LANGUAGE_STANDARD = gnu11;
				GCC_DYNAMIC_NO_PIC = NO;
				GCC_NO_COMMON_BLOCKS = YES;
				GCC_OPTIMIZATION_LEVEL = 0;
				GCC_PREPROCESSOR_DEFINITIONS = (
					"DEBUG=1",
					"$(inherited)",
				);
				GCC_WARN_64_TO_32_BIT_CONVERSION = YES;
				GCC_WARN_ABOUT_RETURN_TYPE = YES_ERROR;
				GCC_WARN_UNDECLARED_SELECTOR = YES;
				GCC_WARN_UNINITIALIZED_AUTOS = YES_AGGRESSIVE;
				GCC_WARN_UNUSED_FUNCTION = YES;
				GCC_WARN_UNUSED_VARIABLE = YES;
				IPHONEOS_DEPLOYMENT_TARGET = 13.4;
				MTL_ENABLE_DEBUG_INFO = INCLUDE_SOURCE;
				MTL_FAST_MATH = YES;
				ONLY_ACTIVE_ARCH = YES;
				SDKROOT = iphoneos;
				SWIFT_ACTIVE_COMPILATION_CONDITIONS = DEBUG;
				SWIFT_OPTIMIZATION_LEVEL = "-Onone";
			};
			name = Debug;
		};
		AE9FFF7724B4933D006DE035 /* Release */ = {
			isa = XCBuildConfiguration;
			buildSettings = {
				ALWAYS_SEARCH_USER_PATHS = NO;
				CLANG_ANALYZER_NONNULL = YES;
				CLANG_ANALYZER_NUMBER_OBJECT_CONVERSION = YES_AGGRESSIVE;
				CLANG_CXX_LANGUAGE_STANDARD = "gnu++14";
				CLANG_CXX_LIBRARY = "libc++";
				CLANG_ENABLE_MODULES = YES;
				CLANG_ENABLE_OBJC_ARC = YES;
				CLANG_ENABLE_OBJC_WEAK = YES;
				CLANG_WARN_BLOCK_CAPTURE_AUTORELEASING = YES;
				CLANG_WARN_BOOL_CONVERSION = YES;
				CLANG_WARN_COMMA = YES;
				CLANG_WARN_CONSTANT_CONVERSION = YES;
				CLANG_WARN_DEPRECATED_OBJC_IMPLEMENTATIONS = YES;
				CLANG_WARN_DIRECT_OBJC_ISA_USAGE = YES_ERROR;
				CLANG_WARN_DOCUMENTATION_COMMENTS = YES;
				CLANG_WARN_EMPTY_BODY = YES;
				CLANG_WARN_ENUM_CONVERSION = YES;
				CLANG_WARN_INFINITE_RECURSION = YES;
				CLANG_WARN_INT_CONVERSION = YES;
				CLANG_WARN_NON_LITERAL_NULL_CONVERSION = YES;
				CLANG_WARN_OBJC_IMPLICIT_RETAIN_SELF = YES;
				CLANG_WARN_OBJC_LITERAL_CONVERSION = YES;
				CLANG_WARN_OBJC_ROOT_CLASS = YES_ERROR;
				CLANG_WARN_RANGE_LOOP_ANALYSIS = YES;
				CLANG_WARN_STRICT_PROTOTYPES = YES;
				CLANG_WARN_SUSPICIOUS_MOVE = YES;
				CLANG_WARN_UNGUARDED_AVAILABILITY = YES_AGGRESSIVE;
				CLANG_WARN_UNREACHABLE_CODE = YES;
				CLANG_WARN__DUPLICATE_METHOD_MATCH = YES;
				COPY_PHASE_STRIP = NO;
				DEBUG_INFORMATION_FORMAT = "dwarf-with-dsym";
				ENABLE_NS_ASSERTIONS = NO;
				ENABLE_STRICT_OBJC_MSGSEND = YES;
				GCC_C_LANGUAGE_STANDARD = gnu11;
				GCC_NO_COMMON_BLOCKS = YES;
				GCC_WARN_64_TO_32_BIT_CONVERSION = YES;
				GCC_WARN_ABOUT_RETURN_TYPE = YES_ERROR;
				GCC_WARN_UNDECLARED_SELECTOR = YES;
				GCC_WARN_UNINITIALIZED_AUTOS = YES_AGGRESSIVE;
				GCC_WARN_UNUSED_FUNCTION = YES;
				GCC_WARN_UNUSED_VARIABLE = YES;
				IPHONEOS_DEPLOYMENT_TARGET = 13.4;
				MTL_ENABLE_DEBUG_INFO = NO;
				MTL_FAST_MATH = YES;
				SDKROOT = iphoneos;
				SWIFT_COMPILATION_MODE = wholemodule;
				SWIFT_OPTIMIZATION_LEVEL = "-O";
				VALIDATE_PRODUCT = YES;
			};
			name = Release;
		};
		AE9FFF7924B4933D006DE035 /* Debug */ = {
			isa = XCBuildConfiguration;
			buildSettings = {
				ASSETCATALOG_COMPILER_APPICON_NAME = AppIcon;
				CODE_SIGN_STYLE = Automatic;
				DEVELOPMENT_ASSET_PATHS = "\"CoreDataProject/Preview Content\"";
				DEVELOPMENT_TEAM = 5K97LXLCKT;
				ENABLE_PREVIEWS = YES;
				INFOPLIST_FILE = CoreDataProject/Info.plist;
				LD_RUNPATH_SEARCH_PATHS = (
					"$(inherited)",
					"@executable_path/Frameworks",
				);
				PRODUCT_BUNDLE_IDENTIFIER = kazu.CoreDataProject;
				PRODUCT_NAME = "$(TARGET_NAME)";
				SWIFT_VERSION = 5.0;
				TARGETED_DEVICE_FAMILY = "1,2";
			};
			name = Debug;
		};
		AE9FFF7A24B4933D006DE035 /* Release */ = {
			isa = XCBuildConfiguration;
			buildSettings = {
				ASSETCATALOG_COMPILER_APPICON_NAME = AppIcon;
				CODE_SIGN_STYLE = Automatic;
				DEVELOPMENT_ASSET_PATHS = "\"CoreDataProject/Preview Content\"";
				DEVELOPMENT_TEAM = 5K97LXLCKT;
				ENABLE_PREVIEWS = YES;
				INFOPLIST_FILE = CoreDataProject/Info.plist;
				LD_RUNPATH_SEARCH_PATHS = (
					"$(inherited)",
					"@executable_path/Frameworks",
				);
				PRODUCT_BUNDLE_IDENTIFIER = kazu.CoreDataProject;
				PRODUCT_NAME = "$(TARGET_NAME)";
				SWIFT_VERSION = 5.0;
				TARGETED_DEVICE_FAMILY = "1,2";
			};
			name = Release;
		};
/* End XCBuildConfiguration section */

/* Begin XCConfigurationList section */
		AE9FFF5C24B4933B006DE035 /* Build configuration list for PBXProject "CoreDataProject" */ = {
			isa = XCConfigurationList;
			buildConfigurations = (
				AE9FFF7624B4933D006DE035 /* Debug */,
				AE9FFF7724B4933D006DE035 /* Release */,
			);
			defaultConfigurationIsVisible = 0;
			defaultConfigurationName = Release;
		};
		AE9FFF7824B4933D006DE035 /* Build configuration list for PBXNativeTarget "CoreDataProject" */ = {
			isa = XCConfigurationList;
			buildConfigurations = (
				AE9FFF7924B4933D006DE035 /* Debug */,
				AE9FFF7A24B4933D006DE035 /* Release */,
			);
			defaultConfigurationIsVisible = 0;
			defaultConfigurationName = Release;
		};
/* End XCConfigurationList section */

/* Begin XCVersionGroup section */
		AE9FFF7F24B49C0B006DE035 /* CoreDataProject.xcdatamodeld */ = {
			isa = XCVersionGroup;
			children = (
				AE9FFF8024B49C0B006DE035 /* CoreDataProject.xcdatamodel */,
			);
			currentVersion = AE9FFF8024B49C0B006DE035 /* CoreDataProject.xcdatamodel */;
			path = CoreDataProject.xcdatamodeld;
			sourceTree = "<group>";
			versionGroupType = wrapper.xcdatamodel;
		};
/* End XCVersionGroup section */
	};
	rootObject = AE9FFF5924B4933B006DE035 /* Project object */;
}
